{
  "name": "@zooduck/form-control-validator",
  "version": "0.0.1",
  "lockfileVersion": 3,
  "requires": true,
  "packages": {
    "": {
      "name": "@zooduck/form-control-validator",
      "version": "0.0.1",
      "license": "MIT",
      "devDependencies": {
        "@zooduck/build-tools": "^0.0.2",
        "@zooduck/simple-server": "^0.0.2"
      }
    },
    "node_modules/@zooduck/build-tools": {
      "version": "0.0.2",
      "resolved": "https://npm.pkg.github.com/download/@zooduck/build-tools/0.0.2/2dd91b824ffab27642491b2e6ad4616c9f046de9",
      "integrity": "sha512-eTv69kLABpQiw+zVGyVMq6qkHb8gB1bBWsxoohqVWPsqkxQ8zStNrHl5F/f/SQ8Gz3uIB7lO0wlKG5HbC4RQVA==",
      "dev": true,
      "license": "MIT"
    },
    "node_modules/@zooduck/simple-server": {
      "version": "0.0.2",
      "resolved": "https://npm.pkg.github.com/download/@zooduck/simple-server/0.0.2/d0e8f18c7382fcf5525e61c1677b029c83a759eb",
      "integrity": "sha512-fj/lZ6YzgLrR2A/DRbIdleOQRzlOhj9Dzphat01UNEOW0rKZpIVTIZnz6BpwV4h1gZIoa+5i5NyvJVb+65iguQ==",
      "dev": true,
      "license": "MIT"
    }
  }
}
